
Microsoft Visual Studio Solution File, Format Version 12.00
# Visual Studio Version 16
VisualStudioVersion = 16.0.30204.135
MinimumVisualStudioVersion = 10.0.40219.1
Project("{9A19103F-16F7-4668-BE54-9A1E7A4F7556}") = "NLayerArchitecture.API", "NLayerArchitecture.API\NLayerArchitecture.API.csproj", "{9781719B-D0B0-4528-9CC6-CD72FD508DD6}"
EndProject
Project("{9A19103F-16F7-4668-BE54-9A1E7A4F7556}") = "NLayerArchitecture.Core", "NLayerArchitecture.Core\NLayerArchitecture.Core.csproj", "{8EA6BC89-C65E-44DB-AB1D-437D17BCC4B1}"
EndProject
Project("{FAE04EC0-301F-11D3-BF4B-00C04F79EFBC}") = "NLayerArchitecture.Application", "NLayerArchitecture.Application\NLayerArchitecture.Application.csproj", "{1DF900C2-CB04-401D-8EBF-AF28043B9F68}"
EndProject
Project("{FAE04EC0-301F-11D3-BF4B-00C04F79EFBC}") = "NLayerArchitecture.Infrastructure", "NLayerArchitecture.Infrastructure\NLayerArchitecture.Infrastructure.csproj", "{31E848E6-DCDA-4083-9F04-5F61C7B6FA61}"
EndProject
Global
	GlobalSection(SolutionConfigurationPlatforms) = preSolution
		Debug|Any CPU = Debug|Any CPU
		Release|Any CPU = Release|Any CPU
	EndGlobalSection
	GlobalSection(ProjectConfigurationPlatforms) = postSolution
		{9781719B-D0B0-4528-9CC6-CD72FD508DD6}.Debug|Any CPU.ActiveCfg = Debug|Any CPU
		{9781719B-D0B0-4528-9CC6-CD72FD508DD6}.Debug|Any CPU.Build.0 = Debug|Any CPU
		{9781719B-D0B0-4528-9CC6-CD72FD508DD6}.Release|Any CPU.ActiveCfg = Release|Any CPU
		{9781719B-D0B0-4528-9CC6-CD72FD508DD6}.Release|Any CPU.Build.0 = Release|Any CPU
		{8EA6BC89-C65E-44DB-AB1D-437D17BCC4B1}.Debug|Any CPU.ActiveCfg = Debug|Any CPU
		{8EA6BC89-C65E-44DB-AB1D-437D17BCC4B1}.Debug|Any CPU.Build.0 = Debug|Any CPU
		{8EA6BC89-C65E-44DB-AB1D-437D17BCC4B1}.Release|Any CPU.ActiveCfg = Release|Any CPU
		{8EA6BC89-C65E-44DB-AB1D-437D17BCC4B1}.Release|Any CPU.Build.0 = Release|Any CPU
		{1DF900C2-CB04-401D-8EBF-AF28043B9F68}.Debug|Any CPU.ActiveCfg = Debug|Any CPU
		{1DF900C2-CB04-401D-8EBF-AF28043B9F68}.Debug|Any CPU.Build.0 = Debug|Any CPU
		{1DF900C2-CB04-401D-8EBF-AF28043B9F68}.Release|Any CPU.ActiveCfg = Release|Any CPU
		{1DF900C2-CB04-401D-8EBF-AF28043B9F68}.Release|Any CPU.Build.0 = Release|Any CPU
		{31E848E6-DCDA-4083-9F04-5F61C7B6FA61}.Debug|Any CPU.ActiveCfg = Debug|Any CPU
		{31E848E6-DCDA-4083-9F04-5F61C7B6FA61}.Debug|Any CPU.Build.0 = Debug|Any CPU
		{31E848E6-DCDA-4083-9F04-5F61C7B6FA61}.Release|Any CPU.ActiveCfg = Release|Any CPU
		{31E848E6-DCDA-4083-9F04-5F61C7B6FA61}.Release|Any CPU.Build.0 = Release|Any CPU
	EndGlobalSection
	GlobalSection(SolutionProperties) = preSolution
		HideSolutionNode = FALSE
	EndGlobalSection
	GlobalSection(ExtensibilityGlobals) = postSolution
		SolutionGuid = {DF5594D9-3FE5-4FDA-972A-12E72714036C}
	EndGlobalSection
EndGlobal
